// !$*UTF8*$!
{
	archiveVersion = 1;
	classes = {
	};
	objectVersion = 50;
	objects = {

/* Begin PBXBuildFile section */
		1895A14C24C9D52B00BCD671 /* AppDelegate.swift in Sources */ = {isa = PBXBuildFile; fileRef = 1895A14B24C9D52B00BCD671 /* AppDelegate.swift */; };
		1895A14E24C9D52B00BCD671 /* SceneDelegate.swift in Sources */ = {isa = PBXBuildFile; fileRef = 1895A14D24C9D52B00BCD671 /* SceneDelegate.swift */; };
		1895A15024C9D52B00BCD671 /* ViewController.swift in Sources */ = {isa = PBXBuildFile; fileRef = 1895A14F24C9D52B00BCD671 /* ViewController.swift */; };
		1895A15324C9D52B00BCD671 /* Main.storyboard in Resources */ = {isa = PBXBuildFile; fileRef = 1895A15124C9D52B00BCD671 /* Main.storyboard */; };
		1895A15624C9D52C00BCD671 /* miniProject1.xcdatamodeld in Sources */ = {isa = PBXBuildFile; fileRef = 1895A15424C9D52B00BCD671 /* miniProject1.xcdatamodeld */; };
		1895A15824C9D52F00BCD671 /* Assets.xcassets in Resources */ = {isa = PBXBuildFile; fileRef = 1895A15724C9D52F00BCD671 /* Assets.xcassets */; };
		1895A15B24C9D52F00BCD671 /* LaunchScreen.storyboard in Resources */ = {isa = PBXBuildFile; fileRef = 1895A15924C9D52F00BCD671 /* LaunchScreen.storyboard */; };
		1895A16324C9DAD000BCD671 /* long island - Personal Use.ttf in Resources */ = {isa = PBXBuildFile; fileRef = 1895A16224C9DAD000BCD671 /* long island - Personal Use.ttf */; };
/* End PBXBuildFile section */

/* Begin PBXFileReference section */
		1895A14824C9D52B00BCD671 /* miniProject1.app */ = {isa = PBXFileReference; explicitFileType = wrapper.application; includeInIndex = 0; path = miniProject1.app; sourceTree = BUILT_PRODUCTS_DIR; };
		1895A14B24C9D52B00BCD671 /* AppDelegate.swift */ = {isa = PBXFileReference; lastKnownFileType = sourcecode.swift; path = AppDelegate.swift; sourceTree = "<group>"; };
		1895A14D24C9D52B00BCD671 /* SceneDelegate.swift */ = {isa = PBXFileReference; lastKnownFileType = sourcecode.swift; path = SceneDelegate.swift; sourceTree = "<group>"; };
		1895A14F24C9D52B00BCD671 /* ViewController.swift */ = {isa = PBXFileReference; lastKnownFileType = sourcecode.swift; path = ViewController.swift; sourceTree = "<group>"; };
		1895A15224C9D52B00BCD671 /* Base */ = {isa = PBXFileReference; lastKnownFileType = file.storyboard; name = Base; path = Base.lproj/Main.storyboard; sourceTree = "<group>"; };
		1895A15524C9D52B00BCD671 /* miniProject1.xcdatamodel */ = {isa = PBXFileReference; lastKnownFileType = wrapper.xcdatamodel; path = miniProject1.xcdatamodel; sourceTree = "<group>"; };
		1895A15724C9D52F00BCD671 /* Assets.xcassets */ = {isa = PBXFileReference; lastKnownFileType = folder.assetcatalog; path = Assets.xcassets; sourceTree = "<group>"; };
		1895A15A24C9D52F00BCD671 /* Base */ = {isa = PBXFileReference; lastKnownFileType = file.storyboard; name = Base; path = Base.lproj/LaunchScreen.storyboard; sourceTree = "<group>"; };
		1895A15C24C9D52F00BCD671 /* Info.plist */ = {isa = PBXFileReference; lastKnownFileType = text.plist.xml; path = Info.plist; sourceTree = "<group>"; };
		1895A16224C9DAD000BCD671 /* long island - Personal Use.ttf */ = {isa = PBXFileReference; lastKnownFileType = file; name = "long island - Personal Use.ttf"; path = "../../../Downloads/long_island/long island - Personal Use.ttf"; sourceTree = "<group>"; };
/* End PBXFileReference section */

/* Begin PBXFrameworksBuildPhase section */
		1895A14524C9D52B00BCD671 /* Frameworks */ = {
			isa = PBXFrameworksBuildPhase;
			buildActionMask = 2147483647;
			files = (
			);
			runOnlyForDeploymentPostprocessing = 0;
		};
/* End PBXFrameworksBuildPhase section */

/* Begin PBXGroup section */
		1895A13F24C9D52B00BCD671 = {
			isa = PBXGroup;
			children = (
				1895A14A24C9D52B00BCD671 /* miniProject1 */,
				1895A14924C9D52B00BCD671 /* Products */,
			);
			sourceTree = "<group>";
		};
		1895A14924C9D52B00BCD671 /* Products */ = {
			isa = PBXGroup;
			children = (
				1895A14824C9D52B00BCD671 /* miniProject1.app */,
			);
			name = Products;
			sourceTree = "<group>";
		};
		1895A14A24C9D52B00BCD671 /* miniProject1 */ = {
			isa = PBXGroup;
			children = (
				1895A14B24C9D52B00BCD671 /* AppDelegate.swift */,
				1895A14D24C9D52B00BCD671 /* SceneDelegate.swift */,
				1895A14F24C9D52B00BCD671 /* ViewController.swift */,
				1895A15124C9D52B00BCD671 /* Main.storyboard */,
				1895A16224C9DAD000BCD671 /* long island - Personal Use.ttf */,
				1895A15724C9D52F00BCD671 /* Assets.xcassets */,
				1895A15924C9D52F00BCD671 /* LaunchScreen.storyboard */,
				1895A15C24C9D52F00BCD671 /* Info.plist */,
				1895A15424C9D52B00BCD671 /* miniProject1.xcdatamodeld */,
			);
			path = miniProject1;
			sourceTree = "<group>";
		};
/* End PBXGroup section */

/* Begin PBXNativeTarget section */
		1895A14724C9D52B00BCD671 /* miniProject1 */ = {
			isa = PBXNativeTarget;
			buildConfigurationList = 1895A15F24C9D52F00BCD671 /* Build configuration list for PBXNativeTarget "miniProject1" */;
			buildPhases = (
				1895A14424C9D52B00BCD671 /* Sources */,
				1895A14524C9D52B00BCD671 /* Frameworks */,
				1895A14624C9D52B00BCD671 /* Resources */,
			);
			buildRules = (
			);
			dependencies = (
			);
			name = miniProject1;
			productName = miniProject1;
			productReference = 1895A14824C9D52B00BCD671 /* miniProject1.app */;
			productType = "com.apple.product-type.application";
		};
/* End PBXNativeTarget section */

/* Begin PBXProject section */
		1895A14024C9D52B00BCD671 /* Project object */ = {
			isa = PBXProject;
			attributes = {
				LastSwiftUpdateCheck = 1150;
				LastUpgradeCheck = 1150;
				ORGANIZATIONNAME = "Hunter Malinowski";
				TargetAttributes = {
					1895A14724C9D52B00BCD671 = {
						CreatedOnToolsVersion = 11.5;
					};
				};
			};
			buildConfigurationList = 1895A14324C9D52B00BCD671 /* Build configuration list for PBXProject "miniProject1" */;
			compatibilityVersion = "Xcode 9.3";
			developmentRegion = en;
			hasScannedForEncodings = 0;
			knownRegions = (
				en,
				Base,
			);
			mainGroup = 1895A13F24C9D52B00BCD671;
			productRefGroup = 1895A14924C9D52B00BCD671 /* Products */;
			projectDirPath = "";
			projectRoot = "";
			targets = (
				1895A14724C9D52B00BCD671 /* miniProject1 */,
			);
		};
/* End PBXProject section */

/* Begin PBXResourcesBuildPhase section */
		1895A14624C9D52B00BCD671 /* Resources */ = {
			isa = PBXResourcesBuildPhase;
			buildActionMask = 2147483647;
			files = (
				1895A15B24C9D52F00BCD671 /* LaunchScreen.storyboard in Resources */,
				1895A15824C9D52F00BCD671 /* Assets.xcassets in Resources */,
				1895A15324C9D52B00BCD671 /* Main.storyboard in Resources */,
				1895A16324C9DAD000BCD671 /* long island - Personal Use.ttf in Resources */,
			);
			runOnlyForDeploymentPostprocessing = 0;
		};
/* End PBXResourcesBuildPhase section */

/* Begin PBXSourcesBuildPhase section */
		1895A14424C9D52B00BCD671 /* Sources */ = {
			isa = PBXSourcesBuildPhase;
			buildActionMask = 2147483647;
			files = (
				1895A15024C9D52B00BCD671 /* ViewController.swift in Sources */,
				1895A14C24C9D52B00BCD671 /* AppDelegate.swift in Sources */,
				1895A15624C9D52C00BCD671 /* miniProject1.xcdatamodeld in Sources */,
				1895A14E24C9D52B00BCD671 /* SceneDelegate.swift in Sources */,
			);
			runOnlyForDeploymentPostprocessing = 0;
		};
/* End PBXSourcesBuildPhase section */

/* Begin PBXVariantGroup section */
		1895A15124C9D52B00BCD671 /* Main.storyboard */ = {
			isa = PBXVariantGroup;
			children = (
				1895A15224C9D52B00BCD671 /* Base */,
			);
			name = Main.storyboard;
			sourceTree = "<group>";
		};
		1895A15924C9D52F00BCD671 /* LaunchScreen.storyboard */ = {
			isa = PBXVariantGroup;
			children = (
				1895A15A24C9D52F00BCD671 /* Base */,
			);
			name = LaunchScreen.storyboard;
			sourceTree = "<group>";
		};
/* End PBXVariantGroup section */

/* Begin XCBuildConfiguration section */
		1895A15D24C9D52F00BCD671 /* Debug */ = {
			isa = XCBuildConfiguration;
			buildSettings = {
				ALWAYS_SEARCH_USER_PATHS = NO;
				CLANG_ANALYZER_NONNULL = YES;
				CLANG_ANALYZER_NUMBER_OBJECT_CONVERSION = YES_AGGRESSIVE;
				CLANG_CXX_LANGUAGE_STANDARD = "gnu++14";
				CLANG_CXX_LIBRARY = "libc++";
				CLANG_ENABLE_MODULES = YES;
				CLANG_ENABLE_OBJC_ARC = YES;
				CLANG_ENABLE_OBJC_WEAK = YES;
				CLANG_WARN_BLOCK_CAPTURE_AUTORELEASING = YES;
				CLANG_WARN_BOOL_CONVERSION = YES;
				CLANG_WARN_COMMA = YES;
				CLANG_WARN_CONSTANT_CONVERSION = YES;
				CLANG_WARN_DEPRECATED_OBJC_IMPLEMENTATIONS = YES;
				CLANG_WARN_DIRECT_OBJC_ISA_USAGE = YES_ERROR;
				CLANG_WARN_DOCUMENTATION_COMMENTS = YES;
				CLANG_WARN_EMPTY_BODY = YES;
				CLANG_WARN_ENUM_CONVERSION = YES;
				CLANG_WARN_INFINITE_RECURSION = YES;
				CLANG_WARN_INT_CONVERSION = YES;
				CLANG_WARN_NON_LITERAL_NULL_CONVERSION = YES;
				CLANG_WARN_OBJC_IMPLICIT_RETAIN_SELF = YES;
				CLANG_WARN_OBJC_LITERAL_CONVERSION = YES;
				CLANG_WARN_OBJC_ROOT_CLASS = YES_ERROR;
				CLANG_WARN_RANGE_LOOP_ANALYSIS = YES;
				CLANG_WARN_STRICT_PROTOTYPES = YES;
				CLANG_WARN_SUSPICIOUS_MOVE = YES;
				CLANG_WARN_UNGUARDED_AVAILABILITY = YES_AGGRESSIVE;
				CLANG_WARN_UNREACHABLE_CODE = YES;
				CLANG_WARN__DUPLICATE_METHOD_MATCH = YES;
				COPY_PHASE_STRIP = NO;
				DEBUG_INFORMATION_FORMAT = dwarf;
				ENABLE_STRICT_OBJC_MSGSEND = YES;
				ENABLE_TESTABILITY = YES;
				GCC_C_LANGUAGE_STANDARD = gnu11;
				GCC_DYNAMIC_NO_PIC = NO;
				GCC_NO_COMMON_BLOCKS = YES;
				GCC_OPTIMIZATION_LEVEL = 0;
				GCC_PREPROCESSOR_DEFINITIONS = (
					"DEBUG=1",
					"$(inherited)",
				);
				GCC_WARN_64_TO_32_BIT_CONVERSION = YES;
				GCC_WARN_ABOUT_RETURN_TYPE = YES_ERROR;
				GCC_WARN_UNDECLARED_SELECTOR = YES;
				GCC_WARN_UNINITIALIZED_AUTOS = YES_AGGRESSIVE;
				GCC_WARN_UNUSED_FUNCTION = YES;
				GCC_WARN_UNUSED_VARIABLE = YES;
				IPHONEOS_DEPLOYMENT_TARGET = 13.5;
				MTL_ENABLE_DEBUG_INFO = INCLUDE_SOURCE;
				MTL_FAST_MATH = YES;
				ONLY_ACTIVE_ARCH = YES;
				SDKROOT = iphoneos;
				SWIFT_ACTIVE_COMPILATION_CONDITIONS = DEBUG;
				SWIFT_OPTIMIZATION_LEVEL = "-Onone";
			};
			name = Debug;
		};
		1895A15E24C9D52F00BCD671 /* Release */ = {
			isa = XCBuildConfiguration;
			buildSettings = {
				ALWAYS_SEARCH_USER_PATHS = NO;
				CLANG_ANALYZER_NONNULL = YES;
				CLANG_ANALYZER_NUMBER_OBJECT_CONVERSION = YES_AGGRESSIVE;
				CLANG_CXX_LANGUAGE_STANDARD = "gnu++14";
				CLANG_CXX_LIBRARY = "libc++";
				CLANG_ENABLE_MODULES = YES;
				CLANG_ENABLE_OBJC_ARC = YES;
				CLANG_ENABLE_OBJC_WEAK = YES;
				CLANG_WARN_BLOCK_CAPTURE_AUTORELEASING = YES;
				CLANG_WARN_BOOL_CONVERSION = YES;
				CLANG_WARN_COMMA = YES;
				CLANG_WARN_CONSTANT_CONVERSION = YES;
				CLANG_WARN_DEPRECATED_OBJC_IMPLEMENTATIONS = YES;
				CLANG_WARN_DIRECT_OBJC_ISA_USAGE = YES_ERROR;
				CLANG_WARN_DOCUMENTATION_COMMENTS = YES;
				CLANG_WARN_EMPTY_BODY = YES;
				CLANG_WARN_ENUM_CONVERSION = YES;
				CLANG_WARN_INFINITE_RECURSION = YES;
				CLANG_WARN_INT_CONVERSION = YES;
				CLANG_WARN_NON_LITERAL_NULL_CONVERSION = YES;
				CLANG_WARN_OBJC_IMPLICIT_RETAIN_SELF = YES;
				CLANG_WARN_OBJC_LITERAL_CONVERSION = YES;
				CLANG_WARN_OBJC_ROOT_CLASS = YES_ERROR;
				CLANG_WARN_RANGE_LOOP_ANALYSIS = YES;
				CLANG_WARN_STRICT_PROTOTYPES = YES;
				CLANG_WARN_SUSPICIOUS_MOVE = YES;
				CLANG_WARN_UNGUARDED_AVAILABILITY = YES_AGGRESSIVE;
				CLANG_WARN_UNREACHABLE_CODE = YES;
				CLANG_WARN__DUPLICATE_METHOD_MATCH = YES;
				COPY_PHASE_STRIP = NO;
				DEBUG_INFORMATION_FORMAT = "dwarf-with-dsym";
				ENABLE_NS_ASSERTIONS = NO;
				ENABLE_STRICT_OBJC_MSGSEND = YES;
				GCC_C_LANGUAGE_STANDARD = gnu11;
				GCC_NO_COMMON_BLOCKS = YES;
				GCC_WARN_64_TO_32_BIT_CONVERSION = YES;
				GCC_WARN_ABOUT_RETURN_TYPE = YES_ERROR;
				GCC_WARN_UNDECLARED_SELECTOR = YES;
				GCC_WARN_UNINITIALIZED_AUTOS = YES_AGGRESSIVE;
				GCC_WARN_UNUSED_FUNCTION = YES;
				GCC_WARN_UNUSED_VARIABLE = YES;
				IPHONEOS_DEPLOYMENT_TARGET = 13.5;
				MTL_ENABLE_DEBUG_INFO = NO;
				MTL_FAST_MATH = YES;
				SDKROOT = iphoneos;
				SWIFT_COMPILATION_MODE = wholemodule;
				SWIFT_OPTIMIZATION_LEVEL = "-O";
				VALIDATE_PRODUCT = YES;
			};
			name = Release;
		};
		1895A16024C9D52F00BCD671 /* Debug */ = {
			isa = XCBuildConfiguration;
			buildSettings = {
				ASSETCATALOG_COMPILER_APPICON_NAME = AppIcon;
				CODE_SIGN_STYLE = Automatic;
				DEVELOPMENT_TEAM = CPG24D7GKT;
				INFOPLIST_FILE = miniProject1/Info.plist;
				LD_RUNPATH_SEARCH_PATHS = (
					"$(inherited)",
					"@executable_path/Frameworks",
				);
				PRODUCT_BUNDLE_IDENTIFIER = HM.miniProject1;
				PRODUCT_NAME = "$(TARGET_NAME)";
				SWIFT_VERSION = 5.0;
				TARGETED_DEVICE_FAMILY = "1,2";
			};
			name = Debug;
		};
		1895A16124C9D52F00BCD671 /* Release */ = {
			isa = XCBuildConfiguration;
			buildSettings = {
				ASSETCATALOG_COMPILER_APPICON_NAME = AppIcon;
				CODE_SIGN_STYLE = Automatic;
				DEVELOPMENT_TEAM = CPG24D7GKT;
				INFOPLIST_FILE = miniProject1/Info.plist;
				LD_RUNPATH_SEARCH_PATHS = (
					"$(inherited)",
					"@executable_path/Frameworks",
				);
				PRODUCT_BUNDLE_IDENTIFIER = HM.miniProject1;
				PRODUCT_NAME = "$(TARGET_NAME)";
				SWIFT_VERSION = 5.0;
				TARGETED_DEVICE_FAMILY = "1,2";
			};
			name = Release;
		};
/* End XCBuildConfiguration section */

/* Begin XCConfigurationList section */
		1895A14324C9D52B00BCD671 /* Build configuration list for PBXProject "miniProject1" */ = {
			isa = XCConfigurationList;
			buildConfigurations = (
				1895A15D24C9D52F00BCD671 /* Debug */,
				1895A15E24C9D52F00BCD671 /* Release */,
			);
			defaultConfigurationIsVisible = 0;
			defaultConfigurationName = Release;
		};
		1895A15F24C9D52F00BCD671 /* Build configuration list for PBXNativeTarget "miniProject1" */ = {
			isa = XCConfigurationList;
			buildConfigurations = (
				1895A16024C9D52F00BCD671 /* Debug */,
				1895A16124C9D52F00BCD671 /* Release */,
			);
			defaultConfigurationIsVisible = 0;
			defaultConfigurationName = Release;
		};
/* End XCConfigurationList section */

/* Begin XCVersionGroup section */
		1895A15424C9D52B00BCD671 /* miniProject1.xcdatamodeld */ = {
			isa = XCVersionGroup;
			children = (
				1895A15524C9D52B00BCD671 /* miniProject1.xcdatamodel */,
			);
			currentVersion = 1895A15524C9D52B00BCD671 /* miniProject1.xcdatamodel */;
			path = miniProject1.xcdatamodeld;
			sourceTree = "<group>";
			versionGroupType = wrapper.xcdatamodel;
		};
/* End XCVersionGroup section */
	};
	rootObject = 1895A14024C9D52B00BCD671 /* Project object */;
}
